
Microsoft Visual Studio Solution File, Format Version 12.00
# Visual Studio Version 16
VisualStudioVersion = 16.0.31515.178
MinimumVisualStudioVersion = 10.0.40219.1
Project("{9A19103F-16F7-4668-BE54-9A1E7A4F7556}") = "practica", "practica\practica.csproj", "{E1C0AD9D-201F-44C4-B7CE-36E309D906ED}"
EndProject
Project("{FAE04EC0-301F-11D3-BF4B-00C04F79EFBC}") = "DatosPrueba", "DatosPrueba\DatosPrueba.csproj", "{F1F51E1C-1662-4F09-AF0F-FEC721CFFC40}"
EndProject
Project("{FAE04EC0-301F-11D3-BF4B-00C04F79EFBC}") = "WepApiPrueba", "WepApiPrueba\WepApiPrueba.csproj", "{41A867F7-40E2-4E95-ABE7-CD1949414307}"
EndProject
Global
	GlobalSection(SolutionConfigurationPlatforms) = preSolution
		Debug|Any CPU = Debug|Any CPU
		Release|Any CPU = Release|Any CPU
	EndGlobalSection
	GlobalSection(ProjectConfigurationPlatforms) = postSolution
		{E1C0AD9D-201F-44C4-B7CE-36E309D906ED}.Debug|Any CPU.ActiveCfg = Debug|Any CPU
		{E1C0AD9D-201F-44C4-B7CE-36E309D906ED}.Debug|Any CPU.Build.0 = Debug|Any CPU
		{E1C0AD9D-201F-44C4-B7CE-36E309D906ED}.Release|Any CPU.ActiveCfg = Release|Any CPU
		{E1C0AD9D-201F-44C4-B7CE-36E309D906ED}.Release|Any CPU.Build.0 = Release|Any CPU
		{F1F51E1C-1662-4F09-AF0F-FEC721CFFC40}.Debug|Any CPU.ActiveCfg = Debug|Any CPU
		{F1F51E1C-1662-4F09-AF0F-FEC721CFFC40}.Debug|Any CPU.Build.0 = Debug|Any CPU
		{F1F51E1C-1662-4F09-AF0F-FEC721CFFC40}.Release|Any CPU.ActiveCfg = Release|Any CPU
		{F1F51E1C-1662-4F09-AF0F-FEC721CFFC40}.Release|Any CPU.Build.0 = Release|Any CPU
		{41A867F7-40E2-4E95-ABE7-CD1949414307}.Debug|Any CPU.ActiveCfg = Debug|Any CPU
		{41A867F7-40E2-4E95-ABE7-CD1949414307}.Debug|Any CPU.Build.0 = Debug|Any CPU
		{41A867F7-40E2-4E95-ABE7-CD1949414307}.Release|Any CPU.ActiveCfg = Release|Any CPU
		{41A867F7-40E2-4E95-ABE7-CD1949414307}.Release|Any CPU.Build.0 = Release|Any CPU
	EndGlobalSection
	GlobalSection(SolutionProperties) = preSolution
		HideSolutionNode = FALSE
	EndGlobalSection
	GlobalSection(ExtensibilityGlobals) = postSolution
		SolutionGuid = {03D657E8-9404-448C-BDFE-3E7BC6EDD0EF}
	EndGlobalSection
EndGlobal
